
Microsoft Visual Studio Solution File, Format Version 12.00
Project("{FAE04EC0-301F-11D3-BF4B-00C04F79EFBC}") = "Muddi.ShiftPlanner.Client", "Muddi.ShiftPlanner.Client\Muddi.ShiftPlanner.Client.csproj", "{945B7C11-7064-4CA8-8AF4-C9F71FE50E9B}"
EndProject
Project("{FAE04EC0-301F-11D3-BF4B-00C04F79EFBC}") = "Muddi.ShiftPlanner.Shared", "Muddi.ShiftPlanner.Shared\Muddi.ShiftPlanner.Shared.csproj", "{8EB4C779-D3AB-44EE-8110-C7D600185009}"
EndProject
Project("{2150E333-8FDC-42A3-9474-1A3956D46DE8}") = "Docker", "Docker", "{3173C785-C62C-4E58-A939-F124214B748D}"
	ProjectSection(SolutionItems) = preProject
		Docker\muddi-shiftplanner-compose\config\postgresql\initdb\001-init-keycloak.sh = Docker\muddi-shiftplanner-compose\config\postgresql\initdb\001-init-keycloak.sh
		Docker\muddi-shiftplanner-compose\docker-compose.yml = Docker\muddi-shiftplanner-compose\docker-compose.yml
	EndProjectSection
EndProject
Project("{FAE04EC0-301F-11D3-BF4B-00C04F79EFBC}") = "Muddi.ShiftPlanner.Tests.Unit", "Muddi.ShiftPlanner.Tests.Unit\Muddi.ShiftPlanner.Tests.Unit.csproj", "{BC1DB81F-F177-434D-8266-11CF99880A0C}"
EndProject
Project("{2150E333-8FDC-42A3-9474-1A3956D46DE8}") = "Tests", "Tests", "{AC5258DF-B5A9-4510-89C5-B30C0DDB6846}"
EndProject
Project("{2150E333-8FDC-42A3-9474-1A3956D46DE8}") = "Client", "Client", "{5057D602-84E6-40D0-B1FB-54B5E1275ECB}"
EndProject
Project("{2150E333-8FDC-42A3-9474-1A3956D46DE8}") = "Shared", "Shared", "{13B183E3-AAB9-4F0C-AA14-C69B63E61FEC}"
EndProject
Project("{2150E333-8FDC-42A3-9474-1A3956D46DE8}") = "Server", "Server", "{FE185E5A-869C-4D1A-8EC1-6CD8D2A409BE}"
EndProject
Project("{FAE04EC0-301F-11D3-BF4B-00C04F79EFBC}") = "Muddi.ShiftPlanner.Server.Api", "Muddi.ShiftPlanner.Server.Api\Muddi.ShiftPlanner.Server.Api.csproj", "{86410B38-5695-4F50-BB3E-5C8C722C1CF2}"
EndProject
Project("{FAE04EC0-301F-11D3-BF4B-00C04F79EFBC}") = "Muddi.ShiftPlanner.Server.Database", "Muddi.ShiftPlanner.Server.Database\Muddi.ShiftPlanner.Server.Database.csproj", "{4354D2AB-6E11-4B96-9EE1-EEBFE6501370}"
EndProject
Project("{2150E333-8FDC-42A3-9474-1A3956D46DE8}") = "Services", "Services", "{52BE1149-95AE-4F01-A01B-5F9EE6737D22}"
EndProject
Project("{FAE04EC0-301F-11D3-BF4B-00C04F79EFBC}") = "Muddi.ShiftPlanner.Services.Alerting", "Muddi.ShiftPlanner.Services.Alerting\Muddi.ShiftPlanner.Services.Alerting.csproj", "{120F711C-9804-4186-A8A0-DFECF3AA372D}"
EndProject
Project("{FAE04EC0-301F-11D3-BF4B-00C04F79EFBC}") = "Muddi.ShiftPlanner.Shared.BlazorWASM", "Muddi.ShiftPlanner.Shared.BlazorWASM\Muddi.ShiftPlanner.Shared.BlazorWASM.csproj", "{5A9DEB2D-F4CA-45EE-B53E-7C2AE4FF7779}"
EndProject
Project("{FAE04EC0-301F-11D3-BF4B-00C04F79EFBC}") = "Muddi.ShiftPlanner.Client", "src\Muddi.ShiftPlanner.Client\Muddi.ShiftPlanner.Client.csproj", "{27147157-3A92-48ED-B0BF-FB3D10DAA35D}"
EndProject
Global
	GlobalSection(SolutionConfigurationPlatforms) = preSolution
		Debug|Any CPU = Debug|Any CPU
		Release|Any CPU = Release|Any CPU
	EndGlobalSection
	GlobalSection(ProjectConfigurationPlatforms) = postSolution
		{945B7C11-7064-4CA8-8AF4-C9F71FE50E9B}.Debug|Any CPU.ActiveCfg = Debug|Any CPU
		{945B7C11-7064-4CA8-8AF4-C9F71FE50E9B}.Debug|Any CPU.Build.0 = Debug|Any CPU
		{945B7C11-7064-4CA8-8AF4-C9F71FE50E9B}.Release|Any CPU.ActiveCfg = Release|Any CPU
		{945B7C11-7064-4CA8-8AF4-C9F71FE50E9B}.Release|Any CPU.Build.0 = Release|Any CPU
		{8EB4C779-D3AB-44EE-8110-C7D600185009}.Debug|Any CPU.ActiveCfg = Debug|Any CPU
		{8EB4C779-D3AB-44EE-8110-C7D600185009}.Debug|Any CPU.Build.0 = Debug|Any CPU
		{8EB4C779-D3AB-44EE-8110-C7D600185009}.Release|Any CPU.ActiveCfg = Release|Any CPU
		{8EB4C779-D3AB-44EE-8110-C7D600185009}.Release|Any CPU.Build.0 = Release|Any CPU
		{BC1DB81F-F177-434D-8266-11CF99880A0C}.Debug|Any CPU.ActiveCfg = Debug|Any CPU
		{BC1DB81F-F177-434D-8266-11CF99880A0C}.Debug|Any CPU.Build.0 = Debug|Any CPU
		{BC1DB81F-F177-434D-8266-11CF99880A0C}.Release|Any CPU.ActiveCfg = Release|Any CPU
		{BC1DB81F-F177-434D-8266-11CF99880A0C}.Release|Any CPU.Build.0 = Release|Any CPU
		{86410B38-5695-4F50-BB3E-5C8C722C1CF2}.Debug|Any CPU.ActiveCfg = Debug|Any CPU
		{86410B38-5695-4F50-BB3E-5C8C722C1CF2}.Debug|Any CPU.Build.0 = Debug|Any CPU
		{86410B38-5695-4F50-BB3E-5C8C722C1CF2}.Release|Any CPU.ActiveCfg = Release|Any CPU
		{86410B38-5695-4F50-BB3E-5C8C722C1CF2}.Release|Any CPU.Build.0 = Release|Any CPU
		{4354D2AB-6E11-4B96-9EE1-EEBFE6501370}.Debug|Any CPU.ActiveCfg = Debug|Any CPU
		{4354D2AB-6E11-4B96-9EE1-EEBFE6501370}.Debug|Any CPU.Build.0 = Debug|Any CPU
		{4354D2AB-6E11-4B96-9EE1-EEBFE6501370}.Release|Any CPU.ActiveCfg = Release|Any CPU
		{4354D2AB-6E11-4B96-9EE1-EEBFE6501370}.Release|Any CPU.Build.0 = Release|Any CPU
		{120F711C-9804-4186-A8A0-DFECF3AA372D}.Debug|Any CPU.ActiveCfg = Debug|Any CPU
		{120F711C-9804-4186-A8A0-DFECF3AA372D}.Debug|Any CPU.Build.0 = Debug|Any CPU
		{120F711C-9804-4186-A8A0-DFECF3AA372D}.Release|Any CPU.ActiveCfg = Release|Any CPU
		{120F711C-9804-4186-A8A0-DFECF3AA372D}.Release|Any CPU.Build.0 = Release|Any CPU
		{5A9DEB2D-F4CA-45EE-B53E-7C2AE4FF7779}.Debug|Any CPU.ActiveCfg = Debug|Any CPU
		{5A9DEB2D-F4CA-45EE-B53E-7C2AE4FF7779}.Debug|Any CPU.Build.0 = Debug|Any CPU
		{5A9DEB2D-F4CA-45EE-B53E-7C2AE4FF7779}.Release|Any CPU.ActiveCfg = Release|Any CPU
		{5A9DEB2D-F4CA-45EE-B53E-7C2AE4FF7779}.Release|Any CPU.Build.0 = Release|Any CPU
		{27147157-3A92-48ED-B0BF-FB3D10DAA35D}.Debug|Any CPU.ActiveCfg = Debug|Any CPU
		{27147157-3A92-48ED-B0BF-FB3D10DAA35D}.Debug|Any CPU.Build.0 = Debug|Any CPU
		{27147157-3A92-48ED-B0BF-FB3D10DAA35D}.Release|Any CPU.ActiveCfg = Release|Any CPU
		{27147157-3A92-48ED-B0BF-FB3D10DAA35D}.Release|Any CPU.Build.0 = Release|Any CPU
	EndGlobalSection
	GlobalSection(NestedProjects) = preSolution
		{BC1DB81F-F177-434D-8266-11CF99880A0C} = {AC5258DF-B5A9-4510-89C5-B30C0DDB6846}
		{945B7C11-7064-4CA8-8AF4-C9F71FE50E9B} = {5057D602-84E6-40D0-B1FB-54B5E1275ECB}
		{8EB4C779-D3AB-44EE-8110-C7D600185009} = {13B183E3-AAB9-4F0C-AA14-C69B63E61FEC}
		{86410B38-5695-4F50-BB3E-5C8C722C1CF2} = {FE185E5A-869C-4D1A-8EC1-6CD8D2A409BE}
		{4354D2AB-6E11-4B96-9EE1-EEBFE6501370} = {FE185E5A-869C-4D1A-8EC1-6CD8D2A409BE}
		{120F711C-9804-4186-A8A0-DFECF3AA372D} = {52BE1149-95AE-4F01-A01B-5F9EE6737D22}
		{5A9DEB2D-F4CA-45EE-B53E-7C2AE4FF7779} = {13B183E3-AAB9-4F0C-AA14-C69B63E61FEC}
		{27147157-3A92-48ED-B0BF-FB3D10DAA35D} = {5057D602-84E6-40D0-B1FB-54B5E1275ECB}
	EndGlobalSection
EndGlobal
